
Microsoft Visual Studio Solution File, Format Version 12.00
# Visual Studio 14
VisualStudioVersion = 14.0.25420.1
MinimumVisualStudioVersion = 10.0.40219.1
Project("{2150E333-8FDC-42A3-9474-1A3956D46DE8}") = "SharedKernel", "SharedKernel", "{E7AB2E30-C6A9-40B1-94E3-457045EAB7F4}"
EndProject
Project("{2150E333-8FDC-42A3-9474-1A3956D46DE8}") = "Pedidos", "Pedidos", "{49F90AC7-F643-4770-8B2F-4380AF283B01}"
EndProject
Project("{FAE04EC0-301F-11D3-BF4B-00C04F79EFBC}") = "Empresa.Pedidos.Dominio", "Empresa.Pedidos.Dominio\Empresa.Pedidos.Dominio.csproj", "{6FB05317-4D28-48CF-9F74-EE80F9A46E9B}"
EndProject
Project("{FAE04EC0-301F-11D3-BF4B-00C04F79EFBC}") = "Empresa.Pedidos.Testes", "Empresa.Pedidos.Testes\Empresa.Pedidos.Testes.csproj", "{4E0154A7-A902-4B5D-BC08-A364087071E6}"
EndProject
Project("{FAE04EC0-301F-11D3-BF4B-00C04F79EFBC}") = "Kite.Base.Dominio", "..\..\kite-sharedkernel\Kite.SharedKernel\Kite.Base.Dominio\Kite.Base.Dominio.csproj", "{62CBD6EC-2001-4CF9-8769-31441055EF2F}"
EndProject
Project("{FAE04EC0-301F-11D3-BF4B-00C04F79EFBC}") = "Kite.Base.Repositorio", "..\..\kite-sharedkernel\Kite.SharedKernel\Kite.Base.Repositorio\Kite.Base.Repositorio.csproj", "{9520561C-891B-45A1-96BB-BAC7D25F600B}"
EndProject
Project("{FAE04EC0-301F-11D3-BF4B-00C04F79EFBC}") = "Kite.Base.Util", "..\..\kite-sharedkernel\Kite.SharedKernel\Kite.Base.Util\Kite.Base.Util.csproj", "{C96D2680-5E97-423B-BC38-6850867EFFBC}"
EndProject
Project("{FAE04EC0-301F-11D3-BF4B-00C04F79EFBC}") = "Empresa.Pedidos.Api", "Empresa.Pedidos.Api\Empresa.Pedidos.Api.csproj", "{FAA7092D-1DBE-4EC7-8E6E-0D927163D0F8}"
EndProject
Project("{FAE04EC0-301F-11D3-BF4B-00C04F79EFBC}") = "Kite.Base.Api", "..\..\kite-sharedkernel\Kite.SharedKernel\Kite.Base.Api\Kite.Base.Api.csproj", "{8E3616DF-8BCB-491B-8386-937329A05AE5}"
EndProject
Project("{FAE04EC0-301F-11D3-BF4B-00C04F79EFBC}") = "Empresa.Pedidos.Web", "Empresa.Pedidos.Web\Empresa.Pedidos.Web.csproj", "{2878EFDC-88FC-4165-A577-711E2E8D7DD3}"
EndProject
Global
	GlobalSection(SolutionConfigurationPlatforms) = preSolution
		Debug|Any CPU = Debug|Any CPU
		Debug|x86 = Debug|x86
		Release|Any CPU = Release|Any CPU
		Release|x86 = Release|x86
	EndGlobalSection
	GlobalSection(ProjectConfigurationPlatforms) = postSolution
		{6FB05317-4D28-48CF-9F74-EE80F9A46E9B}.Debug|Any CPU.ActiveCfg = Debug|Any CPU
		{6FB05317-4D28-48CF-9F74-EE80F9A46E9B}.Debug|Any CPU.Build.0 = Debug|Any CPU
		{6FB05317-4D28-48CF-9F74-EE80F9A46E9B}.Debug|x86.ActiveCfg = Debug|Any CPU
		{6FB05317-4D28-48CF-9F74-EE80F9A46E9B}.Debug|x86.Build.0 = Debug|Any CPU
		{6FB05317-4D28-48CF-9F74-EE80F9A46E9B}.Release|Any CPU.ActiveCfg = Release|Any CPU
		{6FB05317-4D28-48CF-9F74-EE80F9A46E9B}.Release|Any CPU.Build.0 = Release|Any CPU
		{6FB05317-4D28-48CF-9F74-EE80F9A46E9B}.Release|x86.ActiveCfg = Release|Any CPU
		{6FB05317-4D28-48CF-9F74-EE80F9A46E9B}.Release|x86.Build.0 = Release|Any CPU
		{4E0154A7-A902-4B5D-BC08-A364087071E6}.Debug|Any CPU.ActiveCfg = Debug|Any CPU
		{4E0154A7-A902-4B5D-BC08-A364087071E6}.Debug|Any CPU.Build.0 = Debug|Any CPU
		{4E0154A7-A902-4B5D-BC08-A364087071E6}.Debug|x86.ActiveCfg = Debug|Any CPU
		{4E0154A7-A902-4B5D-BC08-A364087071E6}.Debug|x86.Build.0 = Debug|Any CPU
		{4E0154A7-A902-4B5D-BC08-A364087071E6}.Release|Any CPU.ActiveCfg = Release|Any CPU
		{4E0154A7-A902-4B5D-BC08-A364087071E6}.Release|Any CPU.Build.0 = Release|Any CPU
		{4E0154A7-A902-4B5D-BC08-A364087071E6}.Release|x86.ActiveCfg = Release|Any CPU
		{4E0154A7-A902-4B5D-BC08-A364087071E6}.Release|x86.Build.0 = Release|Any CPU
		{62CBD6EC-2001-4CF9-8769-31441055EF2F}.Debug|Any CPU.ActiveCfg = Debug|Any CPU
		{62CBD6EC-2001-4CF9-8769-31441055EF2F}.Debug|Any CPU.Build.0 = Debug|Any CPU
		{62CBD6EC-2001-4CF9-8769-31441055EF2F}.Debug|x86.ActiveCfg = Debug|Any CPU
		{62CBD6EC-2001-4CF9-8769-31441055EF2F}.Debug|x86.Build.0 = Debug|Any CPU
		{62CBD6EC-2001-4CF9-8769-31441055EF2F}.Release|Any CPU.ActiveCfg = Release|Any CPU
		{62CBD6EC-2001-4CF9-8769-31441055EF2F}.Release|Any CPU.Build.0 = Release|Any CPU
		{62CBD6EC-2001-4CF9-8769-31441055EF2F}.Release|x86.ActiveCfg = Release|Any CPU
		{62CBD6EC-2001-4CF9-8769-31441055EF2F}.Release|x86.Build.0 = Release|Any CPU
		{9520561C-891B-45A1-96BB-BAC7D25F600B}.Debug|Any CPU.ActiveCfg = Debug|Any CPU
		{9520561C-891B-45A1-96BB-BAC7D25F600B}.Debug|Any CPU.Build.0 = Debug|Any CPU
		{9520561C-891B-45A1-96BB-BAC7D25F600B}.Debug|x86.ActiveCfg = Debug|Any CPU
		{9520561C-891B-45A1-96BB-BAC7D25F600B}.Debug|x86.Build.0 = Debug|Any CPU
		{9520561C-891B-45A1-96BB-BAC7D25F600B}.Release|Any CPU.ActiveCfg = Release|Any CPU
		{9520561C-891B-45A1-96BB-BAC7D25F600B}.Release|Any CPU.Build.0 = Release|Any CPU
		{9520561C-891B-45A1-96BB-BAC7D25F600B}.Release|x86.ActiveCfg = Release|Any CPU
		{9520561C-891B-45A1-96BB-BAC7D25F600B}.Release|x86.Build.0 = Release|Any CPU
		{C96D2680-5E97-423B-BC38-6850867EFFBC}.Debug|Any CPU.ActiveCfg = Debug|Any CPU
		{C96D2680-5E97-423B-BC38-6850867EFFBC}.Debug|Any CPU.Build.0 = Debug|Any CPU
		{C96D2680-5E97-423B-BC38-6850867EFFBC}.Debug|x86.ActiveCfg = Debug|Any CPU
		{C96D2680-5E97-423B-BC38-6850867EFFBC}.Debug|x86.Build.0 = Debug|Any CPU
		{C96D2680-5E97-423B-BC38-6850867EFFBC}.Release|Any CPU.ActiveCfg = Release|Any CPU
		{C96D2680-5E97-423B-BC38-6850867EFFBC}.Release|Any CPU.Build.0 = Release|Any CPU
		{C96D2680-5E97-423B-BC38-6850867EFFBC}.Release|x86.ActiveCfg = Release|Any CPU
		{C96D2680-5E97-423B-BC38-6850867EFFBC}.Release|x86.Build.0 = Release|Any CPU
		{FAA7092D-1DBE-4EC7-8E6E-0D927163D0F8}.Debug|Any CPU.ActiveCfg = Debug|Any CPU
		{FAA7092D-1DBE-4EC7-8E6E-0D927163D0F8}.Debug|Any CPU.Build.0 = Debug|Any CPU
		{FAA7092D-1DBE-4EC7-8E6E-0D927163D0F8}.Debug|x86.ActiveCfg = Debug|Any CPU
		{FAA7092D-1DBE-4EC7-8E6E-0D927163D0F8}.Debug|x86.Build.0 = Debug|Any CPU
		{FAA7092D-1DBE-4EC7-8E6E-0D927163D0F8}.Release|Any CPU.ActiveCfg = Release|Any CPU
		{FAA7092D-1DBE-4EC7-8E6E-0D927163D0F8}.Release|Any CPU.Build.0 = Release|Any CPU
		{FAA7092D-1DBE-4EC7-8E6E-0D927163D0F8}.Release|x86.ActiveCfg = Release|Any CPU
		{FAA7092D-1DBE-4EC7-8E6E-0D927163D0F8}.Release|x86.Build.0 = Release|Any CPU
		{8E3616DF-8BCB-491B-8386-937329A05AE5}.Debug|Any CPU.ActiveCfg = Debug|Any CPU
		{8E3616DF-8BCB-491B-8386-937329A05AE5}.Debug|Any CPU.Build.0 = Debug|Any CPU
		{8E3616DF-8BCB-491B-8386-937329A05AE5}.Debug|x86.ActiveCfg = Debug|Any CPU
		{8E3616DF-8BCB-491B-8386-937329A05AE5}.Debug|x86.Build.0 = Debug|Any CPU
		{8E3616DF-8BCB-491B-8386-937329A05AE5}.Release|Any CPU.ActiveCfg = Release|Any CPU
		{8E3616DF-8BCB-491B-8386-937329A05AE5}.Release|Any CPU.Build.0 = Release|Any CPU
		{8E3616DF-8BCB-491B-8386-937329A05AE5}.Release|x86.ActiveCfg = Release|Any CPU
		{8E3616DF-8BCB-491B-8386-937329A05AE5}.Release|x86.Build.0 = Release|Any CPU
		{2878EFDC-88FC-4165-A577-711E2E8D7DD3}.Debug|Any CPU.ActiveCfg = Debug|Any CPU
		{2878EFDC-88FC-4165-A577-711E2E8D7DD3}.Debug|Any CPU.Build.0 = Debug|Any CPU
		{2878EFDC-88FC-4165-A577-711E2E8D7DD3}.Debug|x86.ActiveCfg = Debug|Any CPU
		{2878EFDC-88FC-4165-A577-711E2E8D7DD3}.Debug|x86.Build.0 = Debug|Any CPU
		{2878EFDC-88FC-4165-A577-711E2E8D7DD3}.Release|Any CPU.ActiveCfg = Release|Any CPU
		{2878EFDC-88FC-4165-A577-711E2E8D7DD3}.Release|Any CPU.Build.0 = Release|Any CPU
		{2878EFDC-88FC-4165-A577-711E2E8D7DD3}.Release|x86.ActiveCfg = Release|Any CPU
		{2878EFDC-88FC-4165-A577-711E2E8D7DD3}.Release|x86.Build.0 = Release|Any CPU
	EndGlobalSection
	GlobalSection(SolutionProperties) = preSolution
		HideSolutionNode = FALSE
	EndGlobalSection
	GlobalSection(NestedProjects) = preSolution
		{6FB05317-4D28-48CF-9F74-EE80F9A46E9B} = {49F90AC7-F643-4770-8B2F-4380AF283B01}
		{4E0154A7-A902-4B5D-BC08-A364087071E6} = {49F90AC7-F643-4770-8B2F-4380AF283B01}
		{62CBD6EC-2001-4CF9-8769-31441055EF2F} = {E7AB2E30-C6A9-40B1-94E3-457045EAB7F4}
		{9520561C-891B-45A1-96BB-BAC7D25F600B} = {E7AB2E30-C6A9-40B1-94E3-457045EAB7F4}
		{C96D2680-5E97-423B-BC38-6850867EFFBC} = {E7AB2E30-C6A9-40B1-94E3-457045EAB7F4}
		{FAA7092D-1DBE-4EC7-8E6E-0D927163D0F8} = {49F90AC7-F643-4770-8B2F-4380AF283B01}
		{8E3616DF-8BCB-491B-8386-937329A05AE5} = {E7AB2E30-C6A9-40B1-94E3-457045EAB7F4}
		{2878EFDC-88FC-4165-A577-711E2E8D7DD3} = {49F90AC7-F643-4770-8B2F-4380AF283B01}
	EndGlobalSection
EndGlobal
